
Microsoft Visual Studio Solution File, Format Version 12.00
# Visual Studio Version 16
VisualStudioVersion = 16.0.29209.62
MinimumVisualStudioVersion = 10.0.40219.1
Project("{9A19103F-16F7-4668-BE54-9A1E7A4F7556}") = "Kull.DatabaseMetadata", "src\Kull.DatabaseMetadata\Kull.DatabaseMetadata.csproj", "{B02BA9AF-7593-4594-B5A9-6AE25E1517A2}"
EndProject
Project("{9A19103F-16F7-4668-BE54-9A1E7A4F7556}") = "Kull.MvcCompat", "src\Kull.MvcCompat\Kull.MvcCompat.csproj", "{A02CF97E-3D21-4AB6-91F4-12EC782DBA45}"
EndProject
Project("{FAE04EC0-301F-11D3-BF4B-00C04F79EFBC}") = "Kull.MvcCompat.Test", "src\Kull.MvcCompat.Test\Kull.MvcCompat.Test.csproj", "{3A769298-51C6-49BB-99F9-76E34A833931}"
EndProject
Project("{FAE04EC0-301F-11D3-BF4B-00C04F79EFBC}") = "Kull.DatabaseMetadata.Test", "Kull.DatabaseMetadata.Test\Kull.DatabaseMetadata.Test.csproj", "{5801715F-0668-4227-BBBE-A59EAE241B26}"
EndProject
Global
	GlobalSection(SolutionConfigurationPlatforms) = preSolution
		Debug|Any CPU = Debug|Any CPU
		Release|Any CPU = Release|Any CPU
	EndGlobalSection
	GlobalSection(ProjectConfigurationPlatforms) = postSolution
		{B02BA9AF-7593-4594-B5A9-6AE25E1517A2}.Debug|Any CPU.ActiveCfg = Debug|Any CPU
		{B02BA9AF-7593-4594-B5A9-6AE25E1517A2}.Debug|Any CPU.Build.0 = Debug|Any CPU
		{B02BA9AF-7593-4594-B5A9-6AE25E1517A2}.Release|Any CPU.ActiveCfg = Release|Any CPU
		{B02BA9AF-7593-4594-B5A9-6AE25E1517A2}.Release|Any CPU.Build.0 = Release|Any CPU
		{A02CF97E-3D21-4AB6-91F4-12EC782DBA45}.Debug|Any CPU.ActiveCfg = Debug|Any CPU
		{A02CF97E-3D21-4AB6-91F4-12EC782DBA45}.Debug|Any CPU.Build.0 = Debug|Any CPU
		{A02CF97E-3D21-4AB6-91F4-12EC782DBA45}.Release|Any CPU.ActiveCfg = Release|Any CPU
		{A02CF97E-3D21-4AB6-91F4-12EC782DBA45}.Release|Any CPU.Build.0 = Release|Any CPU
		{3A769298-51C6-49BB-99F9-76E34A833931}.Debug|Any CPU.ActiveCfg = Debug|Any CPU
		{3A769298-51C6-49BB-99F9-76E34A833931}.Debug|Any CPU.Build.0 = Debug|Any CPU
		{3A769298-51C6-49BB-99F9-76E34A833931}.Release|Any CPU.ActiveCfg = Release|Any CPU
		{3A769298-51C6-49BB-99F9-76E34A833931}.Release|Any CPU.Build.0 = Release|Any CPU
		{5801715F-0668-4227-BBBE-A59EAE241B26}.Debug|Any CPU.ActiveCfg = Debug|Any CPU
		{5801715F-0668-4227-BBBE-A59EAE241B26}.Debug|Any CPU.Build.0 = Debug|Any CPU
		{5801715F-0668-4227-BBBE-A59EAE241B26}.Release|Any CPU.ActiveCfg = Release|Any CPU
		{5801715F-0668-4227-BBBE-A59EAE241B26}.Release|Any CPU.Build.0 = Release|Any CPU
	EndGlobalSection
	GlobalSection(SolutionProperties) = preSolution
		HideSolutionNode = FALSE
	EndGlobalSection
	GlobalSection(ExtensibilityGlobals) = postSolution
		SolutionGuid = {20C6676D-AB53-454F-90E9-C9E01BCFD830}
	EndGlobalSection
EndGlobal
